version = 1
revision = 3
requires-python = ">=3.11"

[[package]]
name = "livereload"
version = "2.7.1"
source = { registry = "https://pypi.org/simple" }
dependencies = [
    { name = "tornado" },
]
sdist = { url = "https://files.pythonhosted.org/packages/43/6e/f2748665839812a9bbe5c75d3f983edbf3ab05fa5cd2f7c2f36fffdf65bd/livereload-2.7.1.tar.gz", hash = "sha256:3d9bf7c05673df06e32bea23b494b8d36ca6d10f7d5c3c8a6989608c09c986a9", size = 22255, upload-time = "2024-12-18T13:42:01.461Z" }
wheels = [
    { url = "https://files.pythonhosted.org/packages/e4/3e/de54dc7f199e85e6ca37e2e5dae2ec3bce2151e9e28f8eb9076d71e83d56/livereload-2.7.1-py3-none-any.whl", hash = "sha256:5201740078c1b9433f4b2ba22cd2729a39b9d0ec0a2cc6b4d3df257df5ad0564", size = 22657, upload-time = "2024-12-18T13:41:56.35Z" },
]

[[package]]
name = "sydneywebdev-com"
version = "0.1.0"
source = { virtual = "." }

[package.dev-dependencies]
dev = [
    { name = "livereload" },
]

[package.metadata]

[package.metadata.requires-dev]
dev = [{ name = "livereload", specifier = ">=2.7.1" }]

[[package]]
name = "tornado"
version = "6.5.8"
source = { registry = "https://pypi.org/simple" }
sdist = { url = "https://files.pythonhosted.org/packages/10/d3/343e5bb989d6515b1646cf3d40135d73f3d5e45339bded401b56cdac24dd/tornado-6.5.8.tar.gz", hash = "sha256:9452e1b208a8bd771e2cb1f2ff564985b9b214bdebbe622793e1799e0a6bd23f", size = 520493, upload-time = "2026-08-07T02:12:42.971Z" }
wheels = [
    { url = "https://files.pythonhosted.org/packages/f2/d5/007086fd8df5489338e204f65adce33fd4f21a4999dbb2b9cff2f897b5f4/tornado-6.5.8-cp39-abi3-macosx_10_9_universal2.whl", hash = "sha256:cc6aa787d7cfab7c3d35189dc7a56fbd2399a569624c730c6b55b3d6531d0403", size = 449487, upload-time = "2026-08-07T02:12:28.682Z" },
    { url = "https://files.pythonhosted.org/packages/70/c8/5a24a99495903f594f6a199dd7beead1cbc0a13e2cb9102727bcaaf2a997/tornado-6.5.8-cp39-abi3-macosx_10_9_x86_64.whl", hash = "sha256:9715b5eb79735b2bcd454ce216a9275b7c0470e64ea1bf5742f78b2f72b26eeb", size = 447649, upload-time = "2026-08-07T02:12:30.306Z" },
    { url = "https://files.pythonhosted.org/packages/6e/de/f2e733f386b85962d1b1dc82cd63d169b5b4580062b35397eac9244a41fe/tornado-6.5.8-cp39-abi3-manylinux1_x86_64.manylinux_2_28_x86_64.manylinux_2_5_x86_64.whl", hash = "sha256:547d63f450d570c14fe0e8db2cfb14c9bbd1c2503b4a6612586267955aa47b58", size = 450707, upload-time = "2026-08-07T02:12:31.95Z" },
    { url = "https://files.pythonhosted.org/packages/0b/94/20efeee9a01c141e9ac47c397f81679dfda24b32768fc4fff24e76d36c2c/tornado-6.5.8-cp39-abi3-manylinux2014_aarch64.manylinux_2_17_aarch64.manylinux_2_28_aarch64.whl", hash = "sha256:7e2360a0ffbe145eca8af0b19cb7203d79b1a98dd4cccdd6b368f6f49c2e3808", size = 451677, upload-time = "2026-08-07T02:12:33.512Z" },
    { url = "https://files.pythonhosted.org/packages/42/ec/a96ccb8ccf0de2b7bc2c5fa1608a4803735018242e90c4882365a9fd418f/tornado-6.5.8-cp39-abi3-musllinux_1_2_aarch64.whl", hash = "sha256:5d242290bdf7ab3151bc1065fdd75c0dcc21cbc7b49f22a4c56329c2d6566d22", size = 451510, upload-time = "2026-08-07T02:12:35.346Z" },
    { url = "https://files.pythonhosted.org/packages/29/b5/93185859245ad3f00e62175f29607346788b696369347f0146e0421286bb/tornado-6.5.8-cp39-abi3-musllinux_1_2_x86_64.whl", hash = "sha256:7b94ff0e128fe0542f3bd331fb44d06260fc4ac16881545159f34ef08aad4195", size = 450917, upload-time = "2026-08-07T02:12:36.963Z" },
    { url = "https://files.pythonhosted.org/packages/97/cf/fe33cf062834487d34d1559746a4a12521033c22645b6d74d4bca702e018/tornado-6.5.8-cp39-abi3-win32.whl", hash = "sha256:67832909c4779c64942380cb5f044a5c6163d00831472d80e25e115de9917836", size = 451952, upload-time = "2026-08-07T02:12:38.512Z" },
    { url = "https://files.pythonhosted.org/packages/cb/e1/468ad54333e92ccb62627e62cb88e5fc14a2171daa67ed47b1b8542d5b86/tornado-6.5.8-cp39-abi3-win_amd64.whl", hash = "sha256:11881db6b7c168494be2c2d12e65931451bdf7ee718535418ae1d8855dd5a0ee", size = 452391, upload-time = "2026-08-07T02:12:39.971Z" },
    { url = "https://files.pythonhosted.org/packages/ad/3e/cd5e4f06e34cde33b8ef66cf36aa2b5ad46354cc1af7d2136bbe365fee1d/tornado-6.5.8-cp39-abi3-win_arm64.whl", hash = "sha256:68a7468c7e289f8514d7d664101753903217eff1bb6822c6b5994a0b5f5bcb26", size = 451411, upload-time = "2026-08-07T02:12:41.469Z" },
]
